{
	"name": "vscode-tool123",
	"version": "0.2.6",
	"lockfileVersion": 1,
	"requires": true,
	"dependencies": {
		"@isaac.frontend/merge-package-json": {
			"version": "0.2.2",
			"resolved": "https://registry.npmmirror.com/@isaac.frontend/merge-package-json/download/@isaac.frontend/merge-package-json-0.2.2.tgz",
			"integrity": "sha1-9w90YRUB5J5A/zHbYYljDtblyOw=",
			"requires": {
				"@isaac.frontend/semver-set": "^0.2.0",
				"jju": "^1.4.0",
				"lodash": "^4.17.21",
				"semver": "^7.3.5"
			}
		},
		"@isaac.frontend/semver-set": {
			"version": "0.2.2",
			"resolved": "https://registry.npmmirror.com/@isaac.frontend/semver-set/download/@isaac.frontend/semver-set-0.2.2.tgz",
			"integrity": "sha1-D0hQShf4uU5AmV9nm4ZjeEbweUE=",
			"requires": {
				"cartesian-product": "^2.1.2",
				"invariant": "^2.2.4",
				"lodash": "^4.17.21",
				"semver": "^4.3.6"
			},
			"dependencies": {
				"semver": {
					"version": "4.3.6",
					"resolved": "https://registry.npmmirror.com/semver/download/semver-4.3.6.tgz?cache=0&sync_timestamp=1632753717890&other_urls=https%3A%2F%2Fregistry.npmmirror.com%2Fsemver%2Fdownload%2Fsemver-4.3.6.tgz",
					"integrity": "sha1-MAvG4OhjdPe6YQaLWx7NV/xlMto="
				}
			}
		},
		"cartesian-product": {
			"version": "2.1.2",
			"resolved": "https://registry.npmmirror.com/cartesian-product/download/cartesian-product-2.1.2.tgz",
			"integrity": "sha1-yahGLFSrGaDF/TIZKSLiOatMpP0="
		},
		"invariant": {
			"version": "2.2.4",
			"resolved": "https://registry.npmmirror.com/invariant/download/invariant-2.2.4.tgz",
			"integrity": "sha1-YQ88ksk1nOHbYW5TgAjSP/NRWOY=",
			"requires": {
				"loose-envify": "^1.0.0"
			}
		},
		"jju": {
			"version": "1.4.0",
			"resolved": "https://registry.npmmirror.com/jju/download/jju-1.4.0.tgz",
			"integrity": "sha1-o6vicYryQaKykE+EpiWXDzia4yo="
		},
		"js-tokens": {
			"version": "4.0.0",
			"resolved": "https://registry.npmmirror.com/js-tokens/download/js-tokens-4.0.0.tgz",
			"integrity": "sha1-GSA/tZmR35jjoocFDUZHzerzJJk="
		},
		"lodash": {
			"version": "4.17.21",
			"resolved": "https://registry.npmmirror.com/lodash/download/lodash-4.17.21.tgz?cache=0&sync_timestamp=1632742926913&other_urls=https%3A%2F%2Fregistry.npmmirror.com%2Flodash%2Fdownload%2Flodash-4.17.21.tgz",
			"integrity": "sha1-Z5WRxWTDv/quhFTPCz3zcMPWkRw="
		},
		"loose-envify": {
			"version": "1.4.0",
			"resolved": "https://registry.npmmirror.com/loose-envify/download/loose-envify-1.4.0.tgz",
			"integrity": "sha1-ce5R+nvkyuwaY4OffmgtgTLTDK8=",
			"requires": {
				"js-tokens": "^3.0.0 || ^4.0.0"
			}
		},
		"lru-cache": {
			"version": "6.0.0",
			"resolved": "https://registry.npmmirror.com/lru-cache/download/lru-cache-6.0.0.tgz",
			"integrity": "sha1-bW/mVw69lqr5D8rR2vo7JWbbOpQ=",
			"requires": {
				"yallist": "^4.0.0"
			}
		},
		"semver": {
			"version": "7.3.5",
			"resolved": "https://registry.npmmirror.com/semver/download/semver-7.3.5.tgz?cache=0&sync_timestamp=1632753717890&other_urls=https%3A%2F%2Fregistry.npmmirror.com%2Fsemver%2Fdownload%2Fsemver-7.3.5.tgz",
			"integrity": "sha1-C2Ich5NI2JmOSw5L6Us/EuYBjvc=",
			"requires": {
				"lru-cache": "^6.0.0"
			}
		},
		"yallist": {
			"version": "4.0.0",
			"resolved": "https://registry.npmmirror.com/yallist/download/yallist-4.0.0.tgz",
			"integrity": "sha1-m7knkNnA7/7GO+c1GeEaNQGaOnI="
		}
	}
}
